
Microsoft Visual Studio Solution File, Format Version 12.00
# Visual Studio 15
VisualStudioVersion = 15.0.28010.2016
MinimumVisualStudioVersion = 10.0.40219.1
Project("{FAE04EC0-301F-11D3-BF4B-00C04F79EFBC}") = "StonePlusCalc", "StonePlusCalc\StonePlusCalc.csproj", "{FDC31464-071F-4E80-8E4E-613B76AD361F}"
EndProject
Global
	GlobalSection(SolutionConfigurationPlatforms) = preSolution
		Debug|Any CPU = Debug|Any CPU
		Release|Any CPU = Release|Any CPU
	EndGlobalSection
	GlobalSection(ProjectConfigurationPlatforms) = postSolution
		{FDC31464-071F-4E80-8E4E-613B76AD361F}.Debug|Any CPU.ActiveCfg = Debug|Any CPU
		{FDC31464-071F-4E80-8E4E-613B76AD361F}.Debug|Any CPU.Build.0 = Debug|Any CPU
		{FDC31464-071F-4E80-8E4E-613B76AD361F}.Release|Any CPU.ActiveCfg = Release|Any CPU
		{FDC31464-071F-4E80-8E4E-613B76AD361F}.Release|Any CPU.Build.0 = Release|Any CPU
	EndGlobalSection
	GlobalSection(SolutionProperties) = preSolution
		HideSolutionNode = FALSE
	EndGlobalSection
	GlobalSection(ExtensibilityGlobals) = postSolution
		SolutionGuid = {C3A9AEF2-8A68-43B7-9E98-65D2D0DBB547}
	EndGlobalSection
EndGlobal
